58f8da642d6a018172582e891fe8f3216176b0c8bbaaf9c50d46355012484e5f  lib/tagged.cyr
4fe885bd0c5d5ae1a17ebcfbf1d8aaf8fae11c6513c2c29a0beae839b7fc316c  lib/net.cyr
ffe2616ede848b553dbe44b82f96929b209910f9c747c76062e1a1b30446c8ce  lib/syscalls_macos.cyr
90d01355e0fd6e0e621d38d418e9ac1095b1efcf7e94c9b5e7b78603727c2e1b  lib/mmap.cyr
90c3f21da4cf686e7f3d7038ed43ed9710cb7b1248c0792245e761c18f45451c  lib/dynlib.cyr
f7852e63d5d26359956b455f270a138a80ca4de1bc00ba4cd3fa56c346b9a139  lib/str.cyr
558f8e8eeb953073dfd4e9552053ba9fc74a2897361abbc2544f3d694d5bd148  lib/fdlopen.cyr
541a436ad689b82d7bac4cbb83467222f39c5a02cb66f9bdc47ea59b073c664e  lib/alloc_macos.cyr
2eec2d5461743c7fe79cbae4ff3cc1c95e002c2e939b5cc01ca7b1f59e5cdd12  lib/hashmap_fast.cyr
f5ecfdd9b6ee02914a1a3b542fec7559aa66e4830b852ee80e28e410a1fcc4f1  lib/freelist.cyr
30eaa438ad0026a2efcfbbfd5ea54ac767dda34ade572ada8e72bd34f1e3369b  lib/sakshi.cyr
096eabc580c807f3e378fbe56058780a28cdf95b9c70b44672bca0a71cf969f6  lib/ct.cyr
5f6cbdc4dc19cdd43f563388b28bc9df676c638b3e0eb134e55ddae57c072198  lib/atomic.cyr
05b0a0b34d53b33c90fdf98a9d3812bd00d4fffb2eb9137934b55c0ff9235bca  lib/agnosys.cyr
ff14f0d7999956754937f612c0aa60719c138f0967a81019cf99e08aae088087  lib/string.cyr
3e2e923a1a9911f355b6201a75f66cb0c3c12a16b1796886772796ce7de2317f  lib/process.cyr
8e2296604d66d1a592b7fa991072b97ff8d826fb82362a499b4aeec90619263c  lib/alloc.cyr
ac939391abc62f3fa58c914760745fce624a33e54e8b352653dcb9c978cffd8c  lib/sigil.cyr
0b577deddfe0b13256b5afbf849cfa31350189d6537a94ddd7f3f32d60a5f497  lib/sandhi.cyr
09220dc4ea43fd66fd3dfc218795ec0b0f675287cd24458a42e93343a62b1aaa  lib/syscalls_x86_64_linux.cyr
150bb9efad587ae139d8df81d62c7578c8ab20d3c6964004908929657b597c12  lib/fmt.cyr
d0c165d52d8130ed1d1b0592f94ba6239c788519393a2a3b6d587d0fe226a872  lib/tls.cyr
c9e220ca9bcb929cbc682e9b7eed7086b3b5a90474d562b600e137fde85eb7f0  lib/assert.cyr
db0d2daba9fbdbcf3beb97dd1e0640616c22474eb9b1d0c232dabe4521c46447  lib/args.cyr
2da010aac142d5f0399b5a7da30c72676ab9e5857969d557cfe4f7dec60423e7  lib/bigint.cyr
413d8484ae08bf6e908eea366c6af66354c79b21de3d1a079f1087930924d75c  lib/chrono.cyr
f0109c07dcd5750fe26597e01be6cb7d2a0ad161ed740dfc0b254500f821cf63  lib/syscalls.cyr
6e36b746b66ad8937f4273cbcb2f51347e538687d6b419c28ea15d9239005ad4  lib/alloc_windows.cyr
7619d9f9e230950db7132dc20f1b00b594af23809345e4991cb402812264dbe4  lib/thread.cyr
a15828882069497bdd82142d709c932b229f498a89e9f7d689c80a8868c29222  lib/syscalls_aarch64_linux.cyr
82ff313674a504d0d6d6e696ae1e0503148b066407c0c3344ee2098e54e504c4  lib/bench.cyr
543be460c6d2a9922e47f4dafb4fae981802f74827b935d4ec9dadb35870cb43  lib/keccak.cyr
c2009b15d382fbe80366feb8c0a070a3a711b2e3fc40604bddcb77edc3ef1520  lib/vec.cyr
97ee4075f0f1516d383f2f1cea8d1fcb6ea62414f5411f5ea463b3b383396a08  lib/fs.cyr
a9b4daf3511b905965bf9b99e31d51ef54993fc8c3ad961d9122ac97719a4f18  lib/io.cyr
724cb440922e89ff60c76eba23670eeee53b9d1f3ffdde31ebe2e2f9badda9ed  lib/slice.cyr
986664e1a80a4b80cb1cb7250c4b7b24c88dba3a3d2157783701c04a7ccbabc9  lib/hashmap.cyr
76276b98b431e30b49168d4af8d5efdd428dde8c7114351e8d575e0abc3992ab  lib/fnptr.cyr
c687ff6f4784ca309c119c97de1c3f730e0da9e36d2cc82fbaaaeedc1da76027  lib/syscalls_windows.cyr
de4598e4862fdc8d02195688b9aacc91e888d5f6b85d9fac08f4b7af9daaca19  lib/random.cyr
86c4e2b20a7b376279c6e7f905744182aa120b8eb1d737cd173fc2ea8e799ff3  lib/json.cyr
ad939696ad226c1c0ce55caf8ba4468e9e2f44be3af2792b35fb66c288986026  lib/syscalls_linux_common.cyr
fcb060e991af4b5cd1d3e1ad7fdc06278d8a0adf64d073c234298c4c20f1a000  lib/args_macos.cyr
55ffe9a910b214a8dd6fcafce5ee1ba5c86ff8e4f7d79f9c32068019bd013c71  lib/result.cyr
